
Microsoft Visual Studio Solution File, Format Version 12.00
# Visual Studio Version 17
VisualStudioVersion = 17.13.35931.197
MinimumVisualStudioVersion = 10.0.40219.1
Project("{2150E333-8FDC-42A3-9474-1A3956D46DE8}") = "src", "src", "{02EA681E-C7D8-13C7-8484-4AC65E1B71E8}"
EndProject
Project("{FAE04EC0-301F-11D3-BF4B-00C04F79EFBC}") = "Web.Api", "src\Web.Api\Web.Api.csproj", "{3563F653-E4D7-45BD-8D88-0E9AAD5DAF52}"
EndProject
Project("{FAE04EC0-301F-11D3-BF4B-00C04F79EFBC}") = "Application", "src\Application\Application.csproj", "{6D18C9DB-F414-4B07-BB9D-1B762CB9D542}"
EndProject
Project("{FAE04EC0-301F-11D3-BF4B-00C04F79EFBC}") = "Domain", "src\Domain\Domain.csproj", "{87238FC8-0179-4D00-A616-66C1F53030EF}"
EndProject
Project("{FAE04EC0-301F-11D3-BF4B-00C04F79EFBC}") = "Infrastructure", "src\Infrastructure\Infrastructure.csproj", "{E0B44721-89B8-411B-BB0E-D4C346CFB396}"
EndProject
Project("{2150E333-8FDC-42A3-9474-1A3956D46DE8}") = "tests", "tests", "{E92F90CC-828C-49E2-9042-497CE7D6FD14}"
EndProject
Project("{FAE04EC0-301F-11D3-BF4B-00C04F79EFBC}") = "UnitTests", "tests\UnitTests\UnitTests.csproj", "{BE2DC9DD-2D92-49AD-BE8A-CE60E7AFE20B}"
EndProject
Project("{FAE04EC0-301F-11D3-BF4B-00C04F79EFBC}") = "WorkerService", "src\WorkerService\WorkerService.csproj", "{789E145B-41D9-4602-807E-015A61771D89}"
EndProject
Global
	GlobalSection(SolutionConfigurationPlatforms) = preSolution
		Debug|Any CPU = Debug|Any CPU
		Release|Any CPU = Release|Any CPU
	EndGlobalSection
	GlobalSection(ProjectConfigurationPlatforms) = postSolution
		{3563F653-E4D7-45BD-8D88-0E9AAD5DAF52}.Debug|Any CPU.ActiveCfg = Debug|Any CPU
		{3563F653-E4D7-45BD-8D88-0E9AAD5DAF52}.Debug|Any CPU.Build.0 = Debug|Any CPU
		{3563F653-E4D7-45BD-8D88-0E9AAD5DAF52}.Release|Any CPU.ActiveCfg = Release|Any CPU
		{3563F653-E4D7-45BD-8D88-0E9AAD5DAF52}.Release|Any CPU.Build.0 = Release|Any CPU
		{6D18C9DB-F414-4B07-BB9D-1B762CB9D542}.Debug|Any CPU.ActiveCfg = Debug|Any CPU
		{6D18C9DB-F414-4B07-BB9D-1B762CB9D542}.Debug|Any CPU.Build.0 = Debug|Any CPU
		{6D18C9DB-F414-4B07-BB9D-1B762CB9D542}.Release|Any CPU.ActiveCfg = Release|Any CPU
		{6D18C9DB-F414-4B07-BB9D-1B762CB9D542}.Release|Any CPU.Build.0 = Release|Any CPU
		{87238FC8-0179-4D00-A616-66C1F53030EF}.Debug|Any CPU.ActiveCfg = Debug|Any CPU
		{87238FC8-0179-4D00-A616-66C1F53030EF}.Debug|Any CPU.Build.0 = Debug|Any CPU
		{87238FC8-0179-4D00-A616-66C1F53030EF}.Release|Any CPU.ActiveCfg = Release|Any CPU
		{87238FC8-0179-4D00-A616-66C1F53030EF}.Release|Any CPU.Build.0 = Release|Any CPU
		{E0B44721-89B8-411B-BB0E-D4C346CFB396}.Debug|Any CPU.ActiveCfg = Debug|Any CPU
		{E0B44721-89B8-411B-BB0E-D4C346CFB396}.Debug|Any CPU.Build.0 = Debug|Any CPU
		{E0B44721-89B8-411B-BB0E-D4C346CFB396}.Release|Any CPU.ActiveCfg = Release|Any CPU
		{E0B44721-89B8-411B-BB0E-D4C346CFB396}.Release|Any CPU.Build.0 = Release|Any CPU
		{BE2DC9DD-2D92-49AD-BE8A-CE60E7AFE20B}.Debug|Any CPU.ActiveCfg = Debug|Any CPU
		{BE2DC9DD-2D92-49AD-BE8A-CE60E7AFE20B}.Debug|Any CPU.Build.0 = Debug|Any CPU
		{BE2DC9DD-2D92-49AD-BE8A-CE60E7AFE20B}.Release|Any CPU.ActiveCfg = Release|Any CPU
		{BE2DC9DD-2D92-49AD-BE8A-CE60E7AFE20B}.Release|Any CPU.Build.0 = Release|Any CPU
		{789E145B-41D9-4602-807E-015A61771D89}.Debug|Any CPU.ActiveCfg = Debug|Any CPU
		{789E145B-41D9-4602-807E-015A61771D89}.Debug|Any CPU.Build.0 = Debug|Any CPU
		{789E145B-41D9-4602-807E-015A61771D89}.Release|Any CPU.ActiveCfg = Release|Any CPU
		{789E145B-41D9-4602-807E-015A61771D89}.Release|Any CPU.Build.0 = Release|Any CPU
	EndGlobalSection
	GlobalSection(SolutionProperties) = preSolution
		HideSolutionNode = FALSE
	EndGlobalSection
	GlobalSection(NestedProjects) = preSolution
		{3563F653-E4D7-45BD-8D88-0E9AAD5DAF52} = {02EA681E-C7D8-13C7-8484-4AC65E1B71E8}
		{6D18C9DB-F414-4B07-BB9D-1B762CB9D542} = {02EA681E-C7D8-13C7-8484-4AC65E1B71E8}
		{87238FC8-0179-4D00-A616-66C1F53030EF} = {02EA681E-C7D8-13C7-8484-4AC65E1B71E8}
		{E0B44721-89B8-411B-BB0E-D4C346CFB396} = {02EA681E-C7D8-13C7-8484-4AC65E1B71E8}
		{BE2DC9DD-2D92-49AD-BE8A-CE60E7AFE20B} = {E92F90CC-828C-49E2-9042-497CE7D6FD14}
		{789E145B-41D9-4602-807E-015A61771D89} = {02EA681E-C7D8-13C7-8484-4AC65E1B71E8}
	EndGlobalSection
	GlobalSection(ExtensibilityGlobals) = postSolution
		SolutionGuid = {8FC06B3B-7A0B-46F4-9E5A-A20A802737AC}
	EndGlobalSection
EndGlobal
